
Microsoft Visual Studio Solution File, Format Version 12.00
# Visual Studio Version 17
VisualStudioVersion = 17.5.33502.453
MinimumVisualStudioVersion = 10.0.40219.1
Project("{FAE04EC0-301F-11D3-BF4B-00C04F79EFBC}") = "DateTimeChallengeUI", "DateTimeChallengeUI\DateTimeChallengeUI.csproj", "{8495D28D-DA51-4A6A-B8B7-187DB6E371A4}"
EndProject
Global
	GlobalSection(SolutionConfigurationPlatforms) = preSolution
		Debug|Any CPU = Debug|Any CPU
		Release|Any CPU = Release|Any CPU
	EndGlobalSection
	GlobalSection(ProjectConfigurationPlatforms) = postSolution
		{8495D28D-DA51-4A6A-B8B7-187DB6E371A4}.Debug|Any CPU.ActiveCfg = Debug|Any CPU
		{8495D28D-DA51-4A6A-B8B7-187DB6E371A4}.Debug|Any CPU.Build.0 = Debug|Any CPU
		{8495D28D-DA51-4A6A-B8B7-187DB6E371A4}.Release|Any CPU.ActiveCfg = Release|Any CPU
		{8495D28D-DA51-4A6A-B8B7-187DB6E371A4}.Release|Any CPU.Build.0 = Release|Any CPU
	EndGlobalSection
	GlobalSection(SolutionProperties) = preSolution
		HideSolutionNode = FALSE
	EndGlobalSection
	GlobalSection(ExtensibilityGlobals) = postSolution
		SolutionGuid = {47877083-9A14-414B-A9D6-EF964E6875DE}
	EndGlobalSection
EndGlobal
