
Microsoft Visual Studio Solution File, Format Version 12.00
# Visual Studio Version 17
VisualStudioVersion = 17.5.33502.453
MinimumVisualStudioVersion = 10.0.40219.1
Project("{FAE04EC0-301F-11D3-BF4B-00C04F79EFBC}") = "ConsoleUI", "ConsoleUI\ConsoleUI.csproj", "{C3D241D0-EC6B-41F3-BCD8-4874719942E3}"
EndProject
Project("{FAE04EC0-301F-11D3-BF4B-00C04F79EFBC}") = "DIDemoLib", "DIDemoLib\DIDemoLib.csproj", "{D567BD09-6EF6-4315-8AD1-0EA213A03C8A}"
EndProject
Project("{FAE04EC0-301F-11D3-BF4B-00C04F79EFBC}") = "WorkerService", "WorkerService\WorkerService.csproj", "{1CA06E15-B652-43BF-91CC-0B7482DA6F74}"
EndProject
Global
	GlobalSection(SolutionConfigurationPlatforms) = preSolution
		Debug|Any CPU = Debug|Any CPU
		Release|Any CPU = Release|Any CPU
	EndGlobalSection
	GlobalSection(ProjectConfigurationPlatforms) = postSolution
		{C3D241D0-EC6B-41F3-BCD8-4874719942E3}.Debug|Any CPU.ActiveCfg = Debug|Any CPU
		{C3D241D0-EC6B-41F3-BCD8-4874719942E3}.Debug|Any CPU.Build.0 = Debug|Any CPU
		{C3D241D0-EC6B-41F3-BCD8-4874719942E3}.Release|Any CPU.ActiveCfg = Release|Any CPU
		{C3D241D0-EC6B-41F3-BCD8-4874719942E3}.Release|Any CPU.Build.0 = Release|Any CPU
		{D567BD09-6EF6-4315-8AD1-0EA213A03C8A}.Debug|Any CPU.ActiveCfg = Debug|Any CPU
		{D567BD09-6EF6-4315-8AD1-0EA213A03C8A}.Debug|Any CPU.Build.0 = Debug|Any CPU
		{D567BD09-6EF6-4315-8AD1-0EA213A03C8A}.Release|Any CPU.ActiveCfg = Release|Any CPU
		{D567BD09-6EF6-4315-8AD1-0EA213A03C8A}.Release|Any CPU.Build.0 = Release|Any CPU
		{1CA06E15-B652-43BF-91CC-0B7482DA6F74}.Debug|Any CPU.ActiveCfg = Debug|Any CPU
		{1CA06E15-B652-43BF-91CC-0B7482DA6F74}.Debug|Any CPU.Build.0 = Debug|Any CPU
		{1CA06E15-B652-43BF-91CC-0B7482DA6F74}.Release|Any CPU.ActiveCfg = Release|Any CPU
		{1CA06E15-B652-43BF-91CC-0B7482DA6F74}.Release|Any CPU.Build.0 = Release|Any CPU
	EndGlobalSection
	GlobalSection(SolutionProperties) = preSolution
		HideSolutionNode = FALSE
	EndGlobalSection
	GlobalSection(ExtensibilityGlobals) = postSolution
		SolutionGuid = {DC9ED2F9-A98B-4CCE-ABA9-2DD55320E216}
	EndGlobalSection
EndGlobal
