
Microsoft Visual Studio Solution File, Format Version 12.00
# Visual Studio Version 17
VisualStudioVersion = 17.5.33424.131
MinimumVisualStudioVersion = 10.0.40219.1
Project("{FAE04EC0-301F-11D3-BF4B-00C04F79EFBC}") = "StartWithAuth", "StartWithAuth\StartWithAuth.csproj", "{D00D955E-F14B-4EF5-B551-855A9D7D0DC3}"
EndProject
Global
	GlobalSection(SolutionConfigurationPlatforms) = preSolution
		Debug|Any CPU = Debug|Any CPU
		Release|Any CPU = Release|Any CPU
	EndGlobalSection
	GlobalSection(ProjectConfigurationPlatforms) = postSolution
		{D00D955E-F14B-4EF5-B551-855A9D7D0DC3}.Debug|Any CPU.ActiveCfg = Debug|Any CPU
		{D00D955E-F14B-4EF5-B551-855A9D7D0DC3}.Debug|Any CPU.Build.0 = Debug|Any CPU
		{D00D955E-F14B-4EF5-B551-855A9D7D0DC3}.Release|Any CPU.ActiveCfg = Release|Any CPU
		{D00D955E-F14B-4EF5-B551-855A9D7D0DC3}.Release|Any CPU.Build.0 = Release|Any CPU
	EndGlobalSection
	GlobalSection(SolutionProperties) = preSolution
		HideSolutionNode = FALSE
	EndGlobalSection
	GlobalSection(ExtensibilityGlobals) = postSolution
		SolutionGuid = {F6168214-B216-46CA-8635-A637AA7160FE}
	EndGlobalSection
EndGlobal
