
Microsoft Visual Studio Solution File, Format Version 12.00
# Visual Studio Version 17
VisualStudioVersion = 17.6.33815.320
MinimumVisualStudioVersion = 10.0.40219.1
Project("{FAE04EC0-301F-11D3-BF4B-00C04F79EFBC}") = "ConsoleToDoList", "ConsoleToDoList\ConsoleToDoList.csproj", "{F7E579C5-D31D-45D4-8BFD-2C140B14760D}"
EndProject
Global
	GlobalSection(SolutionConfigurationPlatforms) = preSolution
		Debug|Any CPU = Debug|Any CPU
		Release|Any CPU = Release|Any CPU
	EndGlobalSection
	GlobalSection(ProjectConfigurationPlatforms) = postSolution
		{F7E579C5-D31D-45D4-8BFD-2C140B14760D}.Debug|Any CPU.ActiveCfg = Debug|Any CPU
		{F7E579C5-D31D-45D4-8BFD-2C140B14760D}.Debug|Any CPU.Build.0 = Debug|Any CPU
		{F7E579C5-D31D-45D4-8BFD-2C140B14760D}.Release|Any CPU.ActiveCfg = Release|Any CPU
		{F7E579C5-D31D-45D4-8BFD-2C140B14760D}.Release|Any CPU.Build.0 = Release|Any CPU
	EndGlobalSection
	GlobalSection(SolutionProperties) = preSolution
		HideSolutionNode = FALSE
	EndGlobalSection
	GlobalSection(ExtensibilityGlobals) = postSolution
		SolutionGuid = {5B563240-B44F-40B7-83E8-45D6BC979F4A}
	EndGlobalSection
EndGlobal
