
Microsoft Visual Studio Solution File, Format Version 12.00
# Visual Studio Version 17
VisualStudioVersion = 17.5.33502.453
MinimumVisualStudioVersion = 10.0.40219.1
Project("{9A19103F-16F7-4668-BE54-9A1E7A4F7556}") = "BlazorServerDemo", "BlazorServerDemo\BlazorServerDemo.csproj", "{16BDA21A-BB1D-4258-B86D-AF787F058606}"
EndProject
Project("{FAE04EC0-301F-11D3-BF4B-00C04F79EFBC}") = "BlazorServerDemo.Tests", "BlazorServerDemo.Tests\BlazorServerDemo.Tests.csproj", "{DD7AC87C-4CAF-4BB5-81B6-06C4334A4076}"
EndProject
Global
	GlobalSection(SolutionConfigurationPlatforms) = preSolution
		Debug|Any CPU = Debug|Any CPU
		Release|Any CPU = Release|Any CPU
	EndGlobalSection
	GlobalSection(ProjectConfigurationPlatforms) = postSolution
		{16BDA21A-BB1D-4258-B86D-AF787F058606}.Debug|Any CPU.ActiveCfg = Debug|Any CPU
		{16BDA21A-BB1D-4258-B86D-AF787F058606}.Debug|Any CPU.Build.0 = Debug|Any CPU
		{16BDA21A-BB1D-4258-B86D-AF787F058606}.Release|Any CPU.ActiveCfg = Release|Any CPU
		{16BDA21A-BB1D-4258-B86D-AF787F058606}.Release|Any CPU.Build.0 = Release|Any CPU
		{DD7AC87C-4CAF-4BB5-81B6-06C4334A4076}.Debug|Any CPU.ActiveCfg = Debug|Any CPU
		{DD7AC87C-4CAF-4BB5-81B6-06C4334A4076}.Debug|Any CPU.Build.0 = Debug|Any CPU
		{DD7AC87C-4CAF-4BB5-81B6-06C4334A4076}.Release|Any CPU.ActiveCfg = Release|Any CPU
		{DD7AC87C-4CAF-4BB5-81B6-06C4334A4076}.Release|Any CPU.Build.0 = Release|Any CPU
	EndGlobalSection
	GlobalSection(SolutionProperties) = preSolution
		HideSolutionNode = FALSE
	EndGlobalSection
	GlobalSection(ExtensibilityGlobals) = postSolution
		SolutionGuid = {D2458B96-B17B-4687-987D-951ED36777D1}
	EndGlobalSection
EndGlobal
