
Microsoft Visual Studio Solution File, Format Version 12.00
# Visual Studio Version 17
VisualStudioVersion = 17.5.33627.172
MinimumVisualStudioVersion = 10.0.40219.1
Project("{FAE04EC0-301F-11D3-BF4B-00C04F79EFBC}") = "ConsoleUI", "ConsoleUI\ConsoleUI.csproj", "{32F459A8-9F6C-4D91-88C4-ACEB1887B029}"
EndProject
Global
	GlobalSection(SolutionConfigurationPlatforms) = preSolution
		Debug|Any CPU = Debug|Any CPU
		Release|Any CPU = Release|Any CPU
	EndGlobalSection
	GlobalSection(ProjectConfigurationPlatforms) = postSolution
		{32F459A8-9F6C-4D91-88C4-ACEB1887B029}.Debug|Any CPU.ActiveCfg = Debug|Any CPU
		{32F459A8-9F6C-4D91-88C4-ACEB1887B029}.Debug|Any CPU.Build.0 = Debug|Any CPU
		{32F459A8-9F6C-4D91-88C4-ACEB1887B029}.Release|Any CPU.ActiveCfg = Release|Any CPU
		{32F459A8-9F6C-4D91-88C4-ACEB1887B029}.Release|Any CPU.Build.0 = Release|Any CPU
	EndGlobalSection
	GlobalSection(SolutionProperties) = preSolution
		HideSolutionNode = FALSE
	EndGlobalSection
	GlobalSection(ExtensibilityGlobals) = postSolution
		SolutionGuid = {8302BBD5-C036-451E-8497-2BD5A75924E4}
	EndGlobalSection
EndGlobal
