
Microsoft Visual Studio Solution File, Format Version 12.00
# Visual Studio Version 17
VisualStudioVersion = 17.6.33815.320
MinimumVisualStudioVersion = 10.0.40219.1
Project("{FAE04EC0-301F-11D3-BF4B-00C04F79EFBC}") = "WinFormUI", "WinFormUI\WinFormUI.csproj", "{DD427179-4EE4-43CE-8310-18578394F341}"
EndProject
Global
	GlobalSection(SolutionConfigurationPlatforms) = preSolution
		Debug|Any CPU = Debug|Any CPU
		Release|Any CPU = Release|Any CPU
	EndGlobalSection
	GlobalSection(ProjectConfigurationPlatforms) = postSolution
		{DD427179-4EE4-43CE-8310-18578394F341}.Debug|Any CPU.ActiveCfg = Debug|Any CPU
		{DD427179-4EE4-43CE-8310-18578394F341}.Debug|Any CPU.Build.0 = Debug|Any CPU
		{DD427179-4EE4-43CE-8310-18578394F341}.Release|Any CPU.ActiveCfg = Release|Any CPU
		{DD427179-4EE4-43CE-8310-18578394F341}.Release|Any CPU.Build.0 = Release|Any CPU
	EndGlobalSection
	GlobalSection(SolutionProperties) = preSolution
		HideSolutionNode = FALSE
	EndGlobalSection
	GlobalSection(ExtensibilityGlobals) = postSolution
		SolutionGuid = {84B3AB19-0397-426F-B7C1-21D9A6B40EB8}
	EndGlobalSection
EndGlobal
