
Microsoft Visual Studio Solution File, Format Version 12.00
# Visual Studio Version 17
VisualStudioVersion = 17.5.33516.290
MinimumVisualStudioVersion = 10.0.40219.1
Project("{FAE04EC0-301F-11D3-BF4B-00C04F79EFBC}") = "ApiProtection", "ApiProtection\ApiProtection.csproj", "{7BFCC2D7-5E0E-4204-835B-A0D55BDD8E2E}"
EndProject
Global
	GlobalSection(SolutionConfigurationPlatforms) = preSolution
		Debug|Any CPU = Debug|Any CPU
		Release|Any CPU = Release|Any CPU
	EndGlobalSection
	GlobalSection(ProjectConfigurationPlatforms) = postSolution
		{7BFCC2D7-5E0E-4204-835B-A0D55BDD8E2E}.Debug|Any CPU.ActiveCfg = Debug|Any CPU
		{7BFCC2D7-5E0E-4204-835B-A0D55BDD8E2E}.Debug|Any CPU.Build.0 = Debug|Any CPU
		{7BFCC2D7-5E0E-4204-835B-A0D55BDD8E2E}.Release|Any CPU.ActiveCfg = Release|Any CPU
		{7BFCC2D7-5E0E-4204-835B-A0D55BDD8E2E}.Release|Any CPU.Build.0 = Release|Any CPU
	EndGlobalSection
	GlobalSection(SolutionProperties) = preSolution
		HideSolutionNode = FALSE
	EndGlobalSection
	GlobalSection(ExtensibilityGlobals) = postSolution
		SolutionGuid = {98710FCB-B576-421B-8168-6EE137EA73E2}
	EndGlobalSection
EndGlobal
