
Microsoft Visual Studio Solution File, Format Version 12.00
# Visual Studio Version 17
VisualStudioVersion = 17.5.33627.172
MinimumVisualStudioVersion = 10.0.40219.1
Project("{FAE04EC0-301F-11D3-BF4B-00C04F79EFBC}") = "MinimalAPIDemo", "MinimalAPIDemo\MinimalAPIDemo.csproj", "{5A78104B-4A6E-4052-9F38-9757A10EF95C}"
EndProject
Project("{00D1A9C2-B5F0-4AF3-8072-F6C62B433612}") = "UserDB", "UserDB\UserDB.sqlproj", "{42A4DC54-9C03-48E1-8E3D-E777AAAE7263}"
EndProject
Global
	GlobalSection(SolutionConfigurationPlatforms) = preSolution
		Debug|Any CPU = Debug|Any CPU
		Release|Any CPU = Release|Any CPU
	EndGlobalSection
	GlobalSection(ProjectConfigurationPlatforms) = postSolution
		{5A78104B-4A6E-4052-9F38-9757A10EF95C}.Debug|Any CPU.ActiveCfg = Debug|Any CPU
		{5A78104B-4A6E-4052-9F38-9757A10EF95C}.Debug|Any CPU.Build.0 = Debug|Any CPU
		{5A78104B-4A6E-4052-9F38-9757A10EF95C}.Release|Any CPU.ActiveCfg = Release|Any CPU
		{5A78104B-4A6E-4052-9F38-9757A10EF95C}.Release|Any CPU.Build.0 = Release|Any CPU
		{42A4DC54-9C03-48E1-8E3D-E777AAAE7263}.Debug|Any CPU.ActiveCfg = Debug|Any CPU
		{42A4DC54-9C03-48E1-8E3D-E777AAAE7263}.Debug|Any CPU.Build.0 = Debug|Any CPU
		{42A4DC54-9C03-48E1-8E3D-E777AAAE7263}.Debug|Any CPU.Deploy.0 = Debug|Any CPU
		{42A4DC54-9C03-48E1-8E3D-E777AAAE7263}.Release|Any CPU.ActiveCfg = Release|Any CPU
		{42A4DC54-9C03-48E1-8E3D-E777AAAE7263}.Release|Any CPU.Build.0 = Release|Any CPU
		{42A4DC54-9C03-48E1-8E3D-E777AAAE7263}.Release|Any CPU.Deploy.0 = Release|Any CPU
	EndGlobalSection
	GlobalSection(SolutionProperties) = preSolution
		HideSolutionNode = FALSE
	EndGlobalSection
	GlobalSection(ExtensibilityGlobals) = postSolution
		SolutionGuid = {798D4D1C-0F24-4182-8E78-577B46647FAF}
	EndGlobalSection
EndGlobal
