
Microsoft Visual Studio Solution File, Format Version 12.00
# Visual Studio Version 17
VisualStudioVersion = 17.5.33502.453
MinimumVisualStudioVersion = 10.0.40219.1
Project("{FAE04EC0-301F-11D3-BF4B-00C04F79EFBC}") = "MinimalApi", "MinimalApi\MinimalApi.csproj", "{BF6CCF65-8FFD-4DFD-BB84-FBEF0985533D}"
EndProject
Global
	GlobalSection(SolutionConfigurationPlatforms) = preSolution
		Debug|Any CPU = Debug|Any CPU
		Release|Any CPU = Release|Any CPU
	EndGlobalSection
	GlobalSection(ProjectConfigurationPlatforms) = postSolution
		{BF6CCF65-8FFD-4DFD-BB84-FBEF0985533D}.Debug|Any CPU.ActiveCfg = Debug|Any CPU
		{BF6CCF65-8FFD-4DFD-BB84-FBEF0985533D}.Debug|Any CPU.Build.0 = Debug|Any CPU
		{BF6CCF65-8FFD-4DFD-BB84-FBEF0985533D}.Release|Any CPU.ActiveCfg = Release|Any CPU
		{BF6CCF65-8FFD-4DFD-BB84-FBEF0985533D}.Release|Any CPU.Build.0 = Release|Any CPU
	EndGlobalSection
	GlobalSection(SolutionProperties) = preSolution
		HideSolutionNode = FALSE
	EndGlobalSection
	GlobalSection(ExtensibilityGlobals) = postSolution
		SolutionGuid = {3DC521CB-A673-4BD0-84EC-BC6C3BD260FD}
	EndGlobalSection
EndGlobal
