
Microsoft Visual Studio Solution File, Format Version 12.00
# Visual Studio Version 17
VisualStudioVersion = 17.5.33530.505
MinimumVisualStudioVersion = 10.0.40219.1
Project("{FAE04EC0-301F-11D3-BF4B-00C04F79EFBC}") = "BirthdayChallenge001", "BirthdayChallenge001\BirthdayChallenge001.csproj", "{D59D163D-4BFD-4035-B3F1-FB116F8C5FE4}"
EndProject
Global
	GlobalSection(SolutionConfigurationPlatforms) = preSolution
		Debug|Any CPU = Debug|Any CPU
		Release|Any CPU = Release|Any CPU
	EndGlobalSection
	GlobalSection(ProjectConfigurationPlatforms) = postSolution
		{D59D163D-4BFD-4035-B3F1-FB116F8C5FE4}.Debug|Any CPU.ActiveCfg = Debug|Any CPU
		{D59D163D-4BFD-4035-B3F1-FB116F8C5FE4}.Debug|Any CPU.Build.0 = Debug|Any CPU
		{D59D163D-4BFD-4035-B3F1-FB116F8C5FE4}.Release|Any CPU.ActiveCfg = Release|Any CPU
		{D59D163D-4BFD-4035-B3F1-FB116F8C5FE4}.Release|Any CPU.Build.0 = Release|Any CPU
	EndGlobalSection
	GlobalSection(SolutionProperties) = preSolution
		HideSolutionNode = FALSE
	EndGlobalSection
	GlobalSection(ExtensibilityGlobals) = postSolution
		SolutionGuid = {F75E4796-6D55-4A10-9D62-B60608B5F056}
	EndGlobalSection
EndGlobal
